
Microsoft Visual Studio Solution File, Format Version 12.00
# Visual Studio Version 16
VisualStudioVersion = 16.0.29728.190
MinimumVisualStudioVersion = 10.0.40219.1
Project("{9A19103F-16F7-4668-BE54-9A1E7A4F7556}") = "Learn2CodeAPI", "Learn2CodeAPI\Learn2CodeAPI.csproj", "{92702ECA-FF9E-46A9-B503-DC71503717F4}"
EndProject
Project("{FAE04EC0-301F-11D3-BF4B-00C04F79EFBC}") = "Emailservice", "Emailservice\Emailservice.csproj", "{25B5BEA3-D52C-4431-A5D2-CC7CBE7E4065}"
EndProject
Global
	GlobalSection(SolutionConfigurationPlatforms) = preSolution
		Debug|Any CPU = Debug|Any CPU
		Release|Any CPU = Release|Any CPU
	EndGlobalSection
	GlobalSection(ProjectConfigurationPlatforms) = postSolution
		{92702ECA-FF9E-46A9-B503-DC71503717F4}.Debug|Any CPU.ActiveCfg = Debug|Any CPU
		{92702ECA-FF9E-46A9-B503-DC71503717F4}.Debug|Any CPU.Build.0 = Debug|Any CPU
		{92702ECA-FF9E-46A9-B503-DC71503717F4}.Release|Any CPU.ActiveCfg = Release|Any CPU
		{92702ECA-FF9E-46A9-B503-DC71503717F4}.Release|Any CPU.Build.0 = Release|Any CPU
		{25B5BEA3-D52C-4431-A5D2-CC7CBE7E4065}.Debug|Any CPU.ActiveCfg = Debug|Any CPU
		{25B5BEA3-D52C-4431-A5D2-CC7CBE7E4065}.Debug|Any CPU.Build.0 = Debug|Any CPU
		{25B5BEA3-D52C-4431-A5D2-CC7CBE7E4065}.Release|Any CPU.ActiveCfg = Release|Any CPU
		{25B5BEA3-D52C-4431-A5D2-CC7CBE7E4065}.Release|Any CPU.Build.0 = Release|Any CPU
	EndGlobalSection
	GlobalSection(SolutionProperties) = preSolution
		HideSolutionNode = FALSE
	EndGlobalSection
	GlobalSection(ExtensibilityGlobals) = postSolution
		SolutionGuid = {D6298F8F-D235-436D-992D-C7432ADF8DF3}
	EndGlobalSection
EndGlobal
